
Microsoft Visual Studio Solution File, Format Version 12.00
# Visual Studio Version 16
VisualStudioVersion = 16.0.31424.327
MinimumVisualStudioVersion = 10.0.40219.1
Project("{FAE04EC0-301F-11D3-BF4B-00C04F79EFBC}") = "SkipListAlgorithmEngineering", "SkipListAlgorithmEngineering\SkipListAlgorithmEngineering.csproj", "{5FDBBA1A-97E1-4916-A93A-451200E6BA99}"
EndProject
Global
	GlobalSection(SolutionConfigurationPlatforms) = preSolution
		Debug|Any CPU = Debug|Any CPU
		Release|Any CPU = Release|Any CPU
	EndGlobalSection
	GlobalSection(ProjectConfigurationPlatforms) = postSolution
		{5FDBBA1A-97E1-4916-A93A-451200E6BA99}.Debug|Any CPU.ActiveCfg = Debug|Any CPU
		{5FDBBA1A-97E1-4916-A93A-451200E6BA99}.Debug|Any CPU.Build.0 = Debug|Any CPU
		{5FDBBA1A-97E1-4916-A93A-451200E6BA99}.Release|Any CPU.ActiveCfg = Release|Any CPU
		{5FDBBA1A-97E1-4916-A93A-451200E6BA99}.Release|Any CPU.Build.0 = Release|Any CPU
	EndGlobalSection
	GlobalSection(SolutionProperties) = preSolution
		HideSolutionNode = FALSE
	EndGlobalSection
	GlobalSection(ExtensibilityGlobals) = postSolution
		SolutionGuid = {EE3E6424-350D-4B4B-852F-9DDA9EAA2290}
	EndGlobalSection
EndGlobal
